// !$*UTF8*$!
{
	archiveVersion = 1;
	classes = {
	};
	objectVersion = 46;
	objects = {

/* Begin PBXBuildFile section */
		737E5DF614CD748200428664 /* Cocoa.framework in Frameworks */ = {isa = PBXBuildFile; fileRef = 737E5DF514CD748200428664 /* Cocoa.framework */; };
		737E5E0014CD748200428664 /* InfoPlist.strings in Resources */ = {isa = PBXBuildFile; fileRef = 737E5DFE14CD748200428664 /* InfoPlist.strings */; };
		737E5E0214CD748200428664 /* main.m in Sources */ = {isa = PBXBuildFile; fileRef = 737E5E0114CD748200428664 /* main.m */; };
		737E5E0614CD748200428664 /* Credits.rtf in Resources */ = {isa = PBXBuildFile; fileRef = 737E5E0414CD748200428664 /* Credits.rtf */; };
		737E5E0914CD748200428664 /* AppDelegate.m in Sources */ = {isa = PBXBuildFile; fileRef = 737E5E0814CD748200428664 /* AppDelegate.m */; };
		737E5E0C14CD748200428664 /* MainMenu.xib in Resources */ = {isa = PBXBuildFile; fileRef = 737E5E0A14CD748200428664 /* MainMenu.xib */; };
/* End PBXBuildFile section */

/* Begin PBXFileReference section */
		737E5DF114CD748200428664 /* StateOfTheArtStateMachine.app */ = {isa = PBXFileReference; explicitFileType = wrapper.application; includeInIndex = 0; path = StateOfTheArtStateMachine.app; sourceTree = BUILT_PRODUCTS_DIR; };
		737E5DF514CD748200428664 /* Cocoa.framework */ = {isa = PBXFileReference; lastKnownFileType = wrapper.framework; name = Cocoa.framework; path = System/Library/Frameworks/Cocoa.framework; sourceTree = SDKROOT; };
		737E5DF814CD748200428664 /* AppKit.framework */ = {isa = PBXFileReference; lastKnownFileType = wrapper.framework; name = AppKit.framework; path = System/Library/Frameworks/AppKit.framework; sourceTree = SDKROOT; };
		737E5DF914CD748200428664 /* CoreData.framework */ = {isa = PBXFileReference; lastKnownFileType = wrapper.framework; name = CoreData.framework; path = System/Library/Frameworks/CoreData.framework; sourceTree = SDKROOT; };
		737E5DFA14CD748200428664 /* Foundation.framework */ = {isa = PBXFileReference; lastKnownFileType = wrapper.framework; name = Foundation.framework; path = System/Library/Frameworks/Foundation.framework; sourceTree = SDKROOT; };
		737E5DFD14CD748200428664 /* StateOfTheArtStateMachine-Info.plist */ = {isa = PBXFileReference; path = "StateOfTheArtStateMachine-Info.plist"; sourceTree = "<group>"; };
		737E5DFF14CD748200428664 /* en */ = {isa = PBXFileReference; lastKnownFileType = text.plist.strings; name = en; path = en.lproj/InfoPlist.strings; sourceTree = "<group>"; };
		737E5E0114CD748200428664 /* main.m */ = {isa = PBXFileReference; lastKnownFileType = sourcecode.c.objc; path = main.m; sourceTree = "<group>"; };
		737E5E0314CD748200428664 /* StateOfTheArtStateMachine-Prefix.pch */ = {isa = PBXFileReference; path = "StateOfTheArtStateMachine-Prefix.pch"; sourceTree = "<group>"; };
		737E5E0514CD748200428664 /* en */ = {isa = PBXFileReference; lastKnownFileType = text.rtf; name = en; path = en.lproj/Credits.rtf; sourceTree = "<group>"; };
		737E5E0714CD748200428664 /* AppDelegate.h */ = {isa = PBXFileReference; path = AppDelegate.h; sourceTree = "<group>"; };
		737E5E0814CD748200428664 /* AppDelegate.m */ = {isa = PBXFileReference; lastKnownFileType = sourcecode.c.objc; path = AppDelegate.m; sourceTree = "<group>"; };
		737E5E0B14CD748200428664 /* en */ = {isa = PBXFileReference; lastKnownFileType = file.xib; name = en; path = en.lproj/MainMenu.xib; sourceTree = "<group>"; };
/* End PBXFileReference section */

/* Begin PBXFrameworksBuildPhase section */
		737E5DEE14CD748200428664 /* Frameworks */ = {
			isa = PBXFrameworksBuildPhase;
			buildActionMask = 2147483647;
			files = (
				737E5DF614CD748200428664 /* Cocoa.framework in Frameworks */,
			);
			runOnlyForDeploymentPostprocessing = 0;
		};
/* End PBXFrameworksBuildPhase section */

/* Begin PBXGroup section */
		737E5DE614CD748200428664 = {
			isa = PBXGroup;
			children = (
				737E5DFB14CD748200428664 /* StateOfTheArtStateMachine */,
				737E5DF414CD748200428664 /* Frameworks */,
				737E5DF214CD748200428664 /* Products */,
			);
			sourceTree = "<group>";
		};
		737E5DF214CD748200428664 /* Products */ = {
			isa = PBXGroup;
			children = (
				737E5DF114CD748200428664 /* StateOfTheArtStateMachine.app */,
			);
			name = Products;
			sourceTree = "<group>";
		};
		737E5DF414CD748200428664 /* Frameworks */ = {
			isa = PBXGroup;
			children = (
				737E5DF514CD748200428664 /* Cocoa.framework */,
				737E5DF714CD748200428664 /* Other Frameworks */,
			);
			name = Frameworks;
			sourceTree = "<group>";
		};
		737E5DF714CD748200428664 /* Other Frameworks */ = {
			isa = PBXGroup;
			children = (
				737E5DF814CD748200428664 /* AppKit.framework */,
				737E5DF914CD748200428664 /* CoreData.framework */,
				737E5DFA14CD748200428664 /* Foundation.framework */,
			);
			name = "Other Frameworks";
			sourceTree = "<group>";
		};
		737E5DFB14CD748200428664 /* StateOfTheArtStateMachine */ = {
			isa = PBXGroup;
			children = (
				737E5E0714CD748200428664 /* AppDelegate.h */,
				737E5E0814CD748200428664 /* AppDelegate.m */,
				737E5E0A14CD748200428664 /* MainMenu.xib */,
				737E5DFC14CD748200428664 /* Supporting Files */,
			);
			path = StateOfTheArtStateMachine;
			sourceTree = "<group>";
		};
		737E5DFC14CD748200428664 /* Supporting Files */ = {
			isa = PBXGroup;
			children = (
				737E5DFD14CD748200428664 /* StateOfTheArtStateMachine-Info.plist */,
				737E5DFE14CD748200428664 /* InfoPlist.strings */,
				737E5E0114CD748200428664 /* main.m */,
				737E5E0314CD748200428664 /* StateOfTheArtStateMachine-Prefix.pch */,
				737E5E0414CD748200428664 /* Credits.rtf */,
			);
			name = "Supporting Files";
			sourceTree = "<group>";
		};
/* End PBXGroup section */

/* Begin PBXNativeTarget section */
		737E5DF014CD748200428664 /* StateOfTheArtStateMachine */ = {
			isa = PBXNativeTarget;
			buildConfigurationList = 737E5E0F14CD748200428664 /* Build configuration list for PBXNativeTarget "StateOfTheArtStateMachine" */;
			buildPhases = (
				737E5DED14CD748200428664 /* Sources */,
				737E5DEE14CD748200428664 /* Frameworks */,
				737E5DEF14CD748200428664 /* Resources */,
			);
			buildRules = (
			);
			dependencies = (
			);
			name = StateOfTheArtStateMachine;
			productName = StateOfTheArtStateMachine;
			productReference = 737E5DF114CD748200428664 /* StateOfTheArtStateMachine.app */;
			productType = "com.apple.product-type.application";
		};
/* End PBXNativeTarget section */

/* Begin PBXProject section */
		737E5DE814CD748200428664 /* Project object */ = {
			isa = PBXProject;
			attributes = {
				LastUpgradeCheck = 0420;
			};
			buildConfigurationList = 737E5DEB14CD748200428664 /* Build configuration list for PBXProject "StateOfTheArtStateMachine" */;
			compatibilityVersion = "Xcode 3.2";
			developmentRegion = English;
			hasScannedForEncodings = 0;
			knownRegions = (
				en,
			);
			mainGroup = 737E5DE614CD748200428664;
			productRefGroup = 737E5DF214CD748200428664 /* Products */;
			projectDirPath = "";
			projectRoot = "";
			targets = (
				737E5DF014CD748200428664 /* StateOfTheArtStateMachine */,
			);
		};
/* End PBXProject section */

/* Begin PBXResourcesBuildPhase section */
		737E5DEF14CD748200428664 /* Resources */ = {
			isa = PBXResourcesBuildPhase;
			buildActionMask = 2147483647;
			files = (
				737E5E0014CD748200428664 /* InfoPlist.strings in Resources */,
				737E5E0614CD748200428664 /* Credits.rtf in Resources */,
				737E5E0C14CD748200428664 /* MainMenu.xib in Resources */,
			);
			runOnlyForDeploymentPostprocessing = 0;
		};
/* End PBXResourcesBuildPhase section */

/* Begin PBXSourcesBuildPhase section */
		737E5DED14CD748200428664 /* Sources */ = {
			isa = PBXSourcesBuildPhase;
			buildActionMask = 2147483647;
			files = (
				737E5E0214CD748200428664 /* main.m in Sources */,
				737E5E0914CD748200428664 /* AppDelegate.m in Sources */,
			);
			runOnlyForDeploymentPostprocessing = 0;
		};
/* End PBXSourcesBuildPhase section */

/* Begin PBXVariantGroup section */
		737E5DFE14CD748200428664 /* InfoPlist.strings */ = {
			isa = PBXVariantGroup;
			children = (
				737E5DFF14CD748200428664 /* en */,
			);
			name = InfoPlist.strings;
			sourceTree = "<group>";
		};
		737E5E0414CD748200428664 /* Credits.rtf */ = {
			isa = PBXVariantGroup;
			children = (
				737E5E0514CD748200428664 /* en */,
			);
			name = Credits.rtf;
			sourceTree = "<group>";
		};
		737E5E0A14CD748200428664 /* MainMenu.xib */ = {
			isa = PBXVariantGroup;
			children = (
				737E5E0B14CD748200428664 /* en */,
			);
			name = MainMenu.xib;
			sourceTree = "<group>";
		};
/* End PBXVariantGroup section */

/* Begin XCBuildConfiguration section */
		737E5E0D14CD748200428664 /* Debug */ = {
			isa = XCBuildConfiguration;
			buildSettings = {
				ALWAYS_SEARCH_USER_PATHS = NO;
				ARCHS = "$(ARCHS_STANDARD_64_BIT)";
				CLANG_ENABLE_OBJC_ARC = YES;
				COPY_PHASE_STRIP = NO;
				GCC_C_LANGUAGE_STANDARD = gnu99;
				GCC_DYNAMIC_NO_PIC = NO;
				GCC_ENABLE_OBJC_EXCEPTIONS = YES;
				GCC_OPTIMIZATION_LEVEL = 0;
				GCC_PREPROCESSOR_DEFINITIONS = (
					"DEBUG=1",
					"$(inherited)",
				);
				GCC_SYMBOLS_PRIVATE_EXTERN = NO;
				GCC_VERSION = com.apple.compilers.llvm.clang.1_0;
				GCC_WARN_64_TO_32_BIT_CONVERSION = YES;
				GCC_WARN_ABOUT_MISSING_PROTOTYPES = YES;
				GCC_WARN_ABOUT_RETURN_TYPE = YES;
				GCC_WARN_UNUSED_VARIABLE = YES;
				MACOSX_DEPLOYMENT_TARGET = 10.7;
				ONLY_ACTIVE_ARCH = YES;
				SDKROOT = macosx;
			};
			name = Debug;
		};
		737E5E0E14CD748200428664 /* Release */ = {
			isa = XCBuildConfiguration;
			buildSettings = {
				ALWAYS_SEARCH_USER_PATHS = NO;
				ARCHS = "$(ARCHS_STANDARD_64_BIT)";
				CLANG_ENABLE_OBJC_ARC = YES;
				COPY_PHASE_STRIP = YES;
				DEBUG_INFORMATION_FORMAT = "dwarf-with-dsym";
				GCC_C_LANGUAGE_STANDARD = gnu99;
				GCC_ENABLE_OBJC_EXCEPTIONS = YES;
				GCC_VERSION = com.apple.compilers.llvm.clang.1_0;
				GCC_WARN_64_TO_32_BIT_CONVERSION = YES;
				GCC_WARN_ABOUT_MISSING_PROTOTYPES = YES;
				GCC_WARN_ABOUT_RETURN_TYPE = YES;
				GCC_WARN_UNUSED_VARIABLE = YES;
				MACOSX_DEPLOYMENT_TARGET = 10.7;
				SDKROOT = macosx;
			};
			name = Release;
		};
		737E5E1014CD748200428664 /* Debug */ = {
			isa = XCBuildConfiguration;
			buildSettings = {
				GCC_PRECOMPILE_PREFIX_HEADER = YES;
				GCC_PREFIX_HEADER = "StateOfTheArtStateMachine/StateOfTheArtStateMachine-Prefix.pch";
				INFOPLIST_FILE = "StateOfTheArtStateMachine/StateOfTheArtStateMachine-Info.plist";
				PRODUCT_NAME = "$(TARGET_NAME)";
				WRAPPER_EXTENSION = app;
			};
			name = Debug;
		};
		737E5E1114CD748200428664 /* Release */ = {
			isa = XCBuildConfiguration;
			buildSettings = {
				GCC_PRECOMPILE_PREFIX_HEADER = YES;
				GCC_PREFIX_HEADER = "StateOfTheArtStateMachine/StateOfTheArtStateMachine-Prefix.pch";
				INFOPLIST_FILE = "StateOfTheArtStateMachine/StateOfTheArtStateMachine-Info.plist";
				PRODUCT_NAME = "$(TARGET_NAME)";
				WRAPPER_EXTENSION = app;
			};
			name = Release;
		};
/* End XCBuildConfiguration section */

/* Begin XCConfigurationList section */
		737E5DEB14CD748200428664 /* Build configuration list for PBXProject "StateOfTheArtStateMachine" */ = {
			isa = XCConfigurationList;
			buildConfigurations = (
				737E5E0D14CD748200428664 /* Debug */,
				737E5E0E14CD748200428664 /* Release */,
			);
			defaultConfigurationIsVisible = 0;
			defaultConfigurationName = Release;
		};
		737E5E0F14CD748200428664 /* Build configuration list for PBXNativeTarget "StateOfTheArtStateMachine" */ = {
			isa = XCConfigurationList;
			buildConfigurations = (
				737E5E1014CD748200428664 /* Debug */,
				737E5E1114CD748200428664 /* Release */,
			);
			defaultConfigurationIsVisible = 0;
		};
/* End XCConfigurationList section */
	};
	rootObject = 737E5DE814CD748200428664 /* Project object */;
}
